{
    "_meta": {
        "hash": {
            "sha256": "260c3ab6133a37ce9d218d5dededb9677426a211223f71307f4876c05472ff60"
        },
        "pipfile-spec": 6,
        "requires": {
            "python_version": "3.8"
        },
        "sources": [
            {
                "name": "pypi",
                "url": "https://pypi.org/simple",
                "verify_ssl": true
            }
        ]
    },
    "default": {
        "apache-bookkeeper-client": {
            "hashes": [
                "sha256:5e2989f29c97cf3a1dcdfa1725082f72f1515f1083abbe28fceedef7be058692",
                "sha256:e530c7d41833cf301bb532472d1dad3c3f8c2ae3d7f26db40d48b4695bbe68da"
            ],
            "version": "==4.12.0"
        },
        "certifi": {
            "hashes": [
                "sha256:1f422849db327d534e3d0c5f02a263458c3955ec0aae4ff09b95f195c59f4edd",
                "sha256:f05def092c44fbf25834a51509ef6e631dc19765ab8a57b4e7ab85531f0a9cf4"
            ],
            "version": "==2020.11.8"
        },
        "chardet": {
            "hashes": [
                "sha256:84ab92ed1c4d4f16916e05906b6b75a6c0fb5db821cc65e70cbd64a3e2a5eaae",
                "sha256:fc323ffcaeaed0e0a02bf4d117757b98aed530d9ed4531e3e15460124c106691"
            ],
            "version": "==3.0.4"
        },
        "fastavro": {
            "hashes": [
                "sha256:1ff45a051798feee8fd521e700eb6315afe741b7014644bb50454e32a35819a9",
                "sha256:213038249aa6ee83a2ae6da22a55008cc08bf15f8089f86da38d375a4092bec0",
                "sha256:2a4073fc831fbe0ea8ecb6c5d12cd5c7c947aff609c35a3020f99204cfed10d4",
                "sha256:315e1d6da9be7512246977d1e89b77dedd72ab914c6f4f6af5409d24a16eae51",
                "sha256:4b207b11cee694f30875eb9bc05271ef165e2a4a509b1f116b3b10dcbef1de6b",
                "sha256:5a5dd6defe7b4e9e07fce85a863414e1b898257a889de0bb3240f9c91ab25695",
                "sha256:5f5b13e9eb0ba6a1351e3d218763c2514e53a95135eb20e3e1d8eb4e6160a5a1",
                "sha256:7b7e9872e8ff37d9ee274ba3a3bfc672fcbfa65f231071a7d53df6fe42a72f69",
                "sha256:9223f4af6e14d985c59fb2e85788927725a6e2b37530ae65f4cce33f9af2b113",
                "sha256:9964eb776d705dee923c55a488d118995637b0e3535f94e84d04285ba5a27d36",
                "sha256:9f80c8d87b6d5ec4294caaa15ea8381724e71638c5bdf33af9a0b4d739e8860f",
                "sha256:a0fc504908da59bd3610d0d544bb8845746f82aa169c4c1fb1547e31bc783c51",
                "sha256:a8abe3347b322925da8b5a97961ed87111db97e18e03195a6aedad8709a47136",
                "sha256:bc65d74c35d2ae53af0647e9ffa008c6fdb41e0a9c37e34c5681d915437db8ee",
                "sha256:c787d793e9b2e4e12d03ae2b0abb52625717d3f4d3161c841bd09dc2520b67a1",
                "sha256:fac9ecf8babd90f9d1da080180fdde6b4c1f1c63ed03adb17aa1b0caa09c2bdc"
            ],
            "markers": "python_version >= '3.0'",
            "version": "==1.2.0"
        },
        "grpcio": {
            "hashes": [
                "sha256:02aef8ef1a5ac5f0836b543e462eb421df6048a7974211a906148053b8055ea6",
                "sha256:07f82aefb4a56c7e1e52b78afb77d446847d27120a838a1a0489260182096045",
                "sha256:1cff47297ee614e7ef66243dc34a776883ab6da9ca129ea114a802c5e58af5c1",
                "sha256:1ec8fc865d8da6d0713e2092a27eee344cd54628b2c2065a0e77fff94df4ae00",
                "sha256:1ef949b15a1f5f30651532a9b54edf3bd7c0b699a10931505fa2c80b2d395942",
                "sha256:209927e65395feb449783943d62a3036982f871d7f4045fadb90b2d82b153ea8",
                "sha256:25c77692ea8c0929d4ad400ea9c3dcbcc4936cee84e437e0ef80da58fa73d88a",
                "sha256:28f27c64dd699b8b10f70da5f9320c1cffcaefca7dd76275b44571bd097f276c",
                "sha256:355bd7d7ce5ff2917d217f0e8ddac568cb7403e1ce1639b35a924db7d13a39b6",
                "sha256:4a0a33ada3f6f94f855f92460896ef08c798dcc5f17d9364d1735c5adc9d7e4a",
                "sha256:4d3b6e66f32528bf43ca2297caca768280a8e068820b1c3dca0fcf9f03c7d6f1",
                "sha256:5121fa96c79fc0ec81825091d0be5c16865f834f41b31da40b08ee60552f9961",
                "sha256:57949756a3ce1f096fa2b00f812755f5ab2effeccedb19feeb7d0deafa3d1de7",
                "sha256:586d931736912865c9790c60ca2db29e8dc4eace160d5a79fec3e58df79a9386",
                "sha256:5ae532b93cf9ce5a2a549b74a2c35e3b690b171ece9358519b3039c7b84c887e",
                "sha256:5dab393ab96b2ce4012823b2f2ed4ee907150424d2f02b97bd6f8dd8f17cc866",
                "sha256:5ebc13451246de82f130e8ee7e723e8d7ae1827f14b7b0218867667b1b12c88d",
                "sha256:68a149a0482d0bc697aac702ec6efb9d380e0afebf9484db5b7e634146528371",
                "sha256:6db7ded10b82592c472eeeba34b9f12d7b0ab1e2dcad12f081b08ebdea78d7d6",
                "sha256:6e545908bcc2ae28e5b190ce3170f92d0438cf26a82b269611390114de0106eb",
                "sha256:6f328a3faaf81a2546a3022b3dfc137cc6d50d81082dbc0c94d1678943f05df3",
                "sha256:706e2dea3de33b0d8884c4d35ecd5911b4ff04d0697c4138096666ce983671a6",
                "sha256:80c3d1ce8820dd819d1c9d6b63b6f445148480a831173b572a9174a55e7abd47",
                "sha256:8111b61eee12d7af5c58f82f2c97c2664677a05df9225ef5cbc2f25398c8c454",
                "sha256:9713578f187fb1c4d00ac554fe1edcc6b3ddd62f5d4eb578b81261115802df8e",
                "sha256:9c0669ba9aebad540fb05a33beb7e659ea6e5ca35833fc5229c20f057db760e8",
                "sha256:9e9cfe55dc7ac2aa47e0fd3285ff829685f96803197042c9d2f0fb44e4b39b2c",
                "sha256:a22daaf30037b8e59d6968c76fe0f7ff062c976c7a026e92fbefc4c4bf3fc5a4",
                "sha256:a25b84e10018875a0f294a7649d07c43e8bc3e6a821714e39e5cd607a36386d7",
                "sha256:a71138366d57901597bfcc52af7f076ab61c046f409c7b429011cd68de8f9fe6",
                "sha256:b4efde5524579a9ce0459ca35a57a48ca878a4973514b8bb88cb80d7c9d34c85",
                "sha256:b78af4d42985ab3143d9882d0006f48d12f1bc4ba88e78f23762777c3ee64571",
                "sha256:bb2987eb3af9bcf46019be39b82c120c3d35639a95bc4ee2d08f36ecdf469345",
                "sha256:c03ce53690fe492845e14f4ab7e67d5a429a06db99b226b5c7caa23081c1e2bb",
                "sha256:c59b9280284b791377b3524c8e39ca7b74ae2881ba1a6c51b36f4f1bb94cee49",
                "sha256:d18b4c8cacbb141979bb44355ee5813dd4d307e9d79b3a36d66eca7e0a203df8",
                "sha256:d1e5563e3b7f844dbc48d709c9e4a75647e11d0387cc1fa0c861d3e9d34bc844",
                "sha256:d22c897b65b1408509099f1c3334bd3704f5e4eb7c0486c57d0e212f71cb8f54",
                "sha256:dbec0a3a154dbf2eb85b38abaddf24964fa1c059ee0a4ad55d6f39211b1a4bca",
                "sha256:ed123037896a8db6709b8ad5acc0ed435453726ea0b63361d12de369624c2ab5",
                "sha256:f3614dabd2cc8741850597b418bcf644d4f60e73615906c3acc407b78ff720b3",
                "sha256:f9d632ce9fd485119c968ec6a7a343de698c5e014d17602ae2f110f1b05925ed",
                "sha256:fb62996c61eeff56b59ab8abfcaa0859ec2223392c03d6085048b576b567459b"
            ],
            "version": "==1.27.2"
        },
        "idna": {
            "hashes": [
                "sha256:b307872f855b18632ce0c21c5e45be78c0ea7ae4c15c828c20788b26921eb3f6",
                "sha256:b97d804b1e9b523befed77c48dacec60e6dcb0b5391d57af6a65a312a90648c0"
            ],
            "markers": "python_version >= '2.7' and python_version not in '3.0, 3.1, 3.2, 3.3'",
            "version": "==2.10"
        },
        "prometheus-client": {
            "hashes": [
                "sha256:9da7b32f02439d8c04f7777021c304ed51d9ec180604700c1ba72a4d44dceb03",
                "sha256:b08c34c328e1bf5961f0b4352668e6c8f145b4a087e09b7296ef62cbe4693d35"
            ],
            "version": "==0.9.0"
        },
        "protobuf": {
            "hashes": [
                "sha256:0e247612fadda953047f53301a7b0407cb0c3cb4ae25a6fde661597a04039b3c",
                "sha256:0fc96785262042e4863b3f3b5c429d4636f10d90061e1840fce1baaf59b1a836",
                "sha256:1c51fda1bbc9634246e7be6016d860be01747354ed7015ebe38acf4452f470d2",
                "sha256:1d63eb389347293d8915fb47bee0951c7b5dab522a4a60118b9a18f33e21f8ce",
                "sha256:22bcd2e284b3b1d969c12e84dc9b9a71701ec82d8ce975fdda19712e1cfd4e00",
                "sha256:2a7e2fe101a7ace75e9327b9c946d247749e564a267b0515cf41dfe450b69bac",
                "sha256:43b554b9e73a07ba84ed6cf25db0ff88b1e06be610b37656e292e3cbb5437472",
                "sha256:4b74301b30513b1a7494d3055d95c714b560fbb630d8fb9956b6f27992c9f980",
                "sha256:4e75105c9dfe13719b7293f75bd53033108f4ba03d44e71db0ec2a0e8401eafd",
                "sha256:5b7a637212cc9b2bcf85dd828b1178d19efdf74dbfe1ddf8cd1b8e01fdaaa7f5",
                "sha256:5e9806a43232a1fa0c9cf5da8dc06f6910d53e4390be1fa06f06454d888a9142",
                "sha256:629b03fd3caae7f815b0c66b41273f6b1900a579e2ccb41ef4493a4f5fb84f3a",
                "sha256:72230ed56f026dd664c21d73c5db73ebba50d924d7ba6b7c0d81a121e390406e",
                "sha256:86a75477addde4918e9a1904e5c6af8d7b691f2a3f65587d73b16100fbe4c3b2",
                "sha256:8971c421dbd7aad930c9bd2694122f332350b6ccb5202a8b7b06f3f1a5c41ed5",
                "sha256:9616f0b65a30851e62f1713336c931fcd32c057202b7ff2cfbfca0fc7d5e3043",
                "sha256:b0d5d35faeb07e22a1ddf8dce620860c8fe145426c02d1a0ae2688c6e8ede36d",
                "sha256:ecc33531a213eee22ad60e0e2aaea6c8ba0021f0cce35dbf0ab03dee6e2a23a1"
            ],
            "version": "==3.14.0"
        },
        "pulsar-client": {
            "hashes": [
                "sha256:05f09aa1b375f60f9e828c675f240bc2f229103cd5dc0b23e158a5e5093f3d1a",
                "sha256:070560c10a212640b9f1c3c4a1a305182354ec6370015fa78a8758408b057de0",
                "sha256:2a39895b27b89a614216bf3c4d494ca96b0bdef87f2e78e6ad1efec29782beb7",
                "sha256:41fe330e2be5c4abf839dd2530f5d3e924f983cf5f877c059a4ba9293d544e69",
                "sha256:5475a1b9b2d9eaa0f2e7690cb9ce12e361467a8e77845bc3398a3eb8be613707",
                "sha256:6b5e70e6cbcab5e8db7d16e84280c6601db8216b9807b2170dc88086c3bd1856",
                "sha256:6bd02ed487da76cc071758e6c3d2fdd5f1ab58af0a97368baa3818a369fa5b8e",
                "sha256:a265a9d99269aae6690ad183918b4d5b21d9ad046b5ac1d2068b61c124eae94c",
                "sha256:d953f16f66001186e5aefa05be40b4858b424287b8a85b6fc6073e98fcb8e27c",
                "sha256:e7e09385339cfde9aa7320ebac6036d594df4c03d670fbde0cb79ddaa01333ee"
            ],
            "index": "pypi",
            "version": "==2.6.1"
        },
        "pymmh3": {
            "hashes": [
                "sha256:c47e9e735518501a3c9b719dbd795aa5d5a1dba48d9c85bae1777ab9ae6c7c45"
            ],
            "version": "==0.0.5"
        },
        "pytz": {
            "hashes": [
                "sha256:3e6b7dd2d1e0a59084bcee14a17af60c5c562cdc16d828e8eba2e683d3a7e268",
                "sha256:5c55e189b682d420be27c6995ba6edce0c0a77dd67bfbe2ae6607134d5851ffd"
            ],
            "version": "==2020.4"
        },
        "ratelimit": {
            "hashes": [
                "sha256:af8a9b64b821529aca09ebaf6d8d279100d766f19e90b5059ac6a718ca6dee42"
            ],
            "version": "==2.2.1"
        },
        "requests": {
            "hashes": [
                "sha256:7f1a0b932f4a60a1a65caa4263921bb7d9ee911957e0ae4a23a6dd08185ad5f8",
                "sha256:e786fa28d8c9154e6a4de5d46a1d921b8749f8b74e28bde23768e5e16eece998"
            ],
            "markers": "python_version >= '2.7' and python_version not in '3.0, 3.1, 3.2, 3.3, 3.4'",
            "version": "==2.25.0"
        },
        "six": {
            "hashes": [
                "sha256:30639c035cdb23534cd4aa2dd52c3bf48f06e5f4a941509c8bafd8ce11080259",
                "sha256:8b74bedcbbbaca38ff6d7491d76f2b06b3592611af620f8426e82dddb04a5ced"
            ],
            "markers": "python_version >= '2.7' and python_version not in '3.0, 3.1, 3.2'",
            "version": "==1.15.0"
        },
        "urllib3": {
            "hashes": [
                "sha256:19188f96923873c92ccb987120ec4acaa12f0461fa9ce5d3d0772bc965a39e08",
                "sha256:d8ff90d979214d7b4f8ce956e80f4028fc6860e4431f731ea4a8c08f23f99473"
            ],
            "markers": "python_version >= '2.7' and python_version not in '3.0, 3.1, 3.2, 3.3, 3.4' and python_version < '4'",
            "version": "==1.26.2"
        }
    },
    "develop": {}
}
